// !$*UTF8*$!
{
	archiveVersion = 1;
	classes = {
	};
	objectVersion = 46;
	objects = {

/* Begin PBXBuildFile section */
		010970E61EE13CC2008DB57F /* NewsListViewController.m in Sources */ = {isa = PBXBuildFile; fileRef = 010970E51EE13CC2008DB57F /* NewsListViewController.m */; };
		010970F41EE145DD008DB57F /* NewsCell.xib in Resources */ = {isa = PBXBuildFile; fileRef = 010970F31EE145DD008DB57F /* NewsCell.xib */; };
		01135E6F1ED97630008B3C61 /* main.m in Sources */ = {isa = PBXBuildFile; fileRef = 01135E6E1ED97630008B3C61 /* main.m */; };
		01135E721ED97630008B3C61 /* AppDelegate.m in Sources */ = {isa = PBXBuildFile; fileRef = 01135E711ED97630008B3C61 /* AppDelegate.m */; };
		01135E751ED97630008B3C61 /* ViewController.m in Sources */ = {isa = PBXBuildFile; fileRef = 01135E741ED97630008B3C61 /* ViewController.m */; };
		01135E781ED97630008B3C61 /* Main.storyboard in Resources */ = {isa = PBXBuildFile; fileRef = 01135E761ED97630008B3C61 /* Main.storyboard */; };
		01135E7A1ED97630008B3C61 /* Assets.xcassets in Resources */ = {isa = PBXBuildFile; fileRef = 01135E791ED97630008B3C61 /* Assets.xcassets */; };
		01135E7D1ED97630008B3C61 /* LaunchScreen.storyboard in Resources */ = {isa = PBXBuildFile; fileRef = 01135E7B1ED97630008B3C61 /* LaunchScreen.storyboard */; };
		01135E881ED97631008B3C61 /* CaiPiaoNewsTests.m in Sources */ = {isa = PBXBuildFile; fileRef = 01135E871ED97631008B3C61 /* CaiPiaoNewsTests.m */; };
		01135E931ED97631008B3C61 /* CaiPiaoNewsUITests.m in Sources */ = {isa = PBXBuildFile; fileRef = 01135E921ED97631008B3C61 /* CaiPiaoNewsUITests.m */; };
		01135EA31ED989AE008B3C61 /* NetworkManager.m in Sources */ = {isa = PBXBuildFile; fileRef = 01135EA21ED989AE008B3C61 /* NetworkManager.m */; };
		0124471E1EE017B100369947 /* Social.framework in Frameworks */ = {isa = PBXBuildFile; fileRef = 0124471D1EE017B100369947 /* Social.framework */; };
		014EF0CF1EE7A390001FADE6 /* SQLUtil.m in Sources */ = {isa = PBXBuildFile; fileRef = 014EF0CE1EE7A390001FADE6 /* SQLUtil.m */; };
		014EF0D51EE7A67E001FADE6 /* PFWebViewController.bundle in Resources */ = {isa = PBXBuildFile; fileRef = 014EF0D01EE7A67E001FADE6 /* PFWebViewController.bundle */; };
		014EF0D61EE7A67E001FADE6 /* PFWebViewController.m in Sources */ = {isa = PBXBuildFile; fileRef = 014EF0D21EE7A67E001FADE6 /* PFWebViewController.m */; };
		014EF0D71EE7A67E001FADE6 /* PFWebViewNavigationHeader.m in Sources */ = {isa = PBXBuildFile; fileRef = 014EF0D41EE7A67E001FADE6 /* PFWebViewNavigationHeader.m */; };
		014EF0DA1EE7CA70001FADE6 /* VRPhotoBrowser.m in Sources */ = {isa = PBXBuildFile; fileRef = 014EF0D91EE7CA70001FADE6 /* VRPhotoBrowser.m */; };
		014EF0DD1EE7D98C001FADE6 /* EditViewController.m in Sources */ = {isa = PBXBuildFile; fileRef = 014EF0DC1EE7D98C001FADE6 /* EditViewController.m */; };
		0187FC501F00E80B00BD5B8C /* EightCell.m in Sources */ = {isa = PBXBuildFile; fileRef = 0187FC491F00E80B00BD5B8C /* EightCell.m */; };
		0187FC511F00E80B00BD5B8C /* FiveCell.m in Sources */ = {isa = PBXBuildFile; fileRef = 0187FC4B1F00E80B00BD5B8C /* FiveCell.m */; };
		0187FC521F00E80B00BD5B8C /* SevenCell.m in Sources */ = {isa = PBXBuildFile; fileRef = 0187FC4D1F00E80B00BD5B8C /* SevenCell.m */; };
		0187FC531F00E80B00BD5B8C /* ThreeCell.m in Sources */ = {isa = PBXBuildFile; fileRef = 0187FC4F1F00E80B00BD5B8C /* ThreeCell.m */; };
		0187FC571F00E8DD00BD5B8C /* Color+Hex.m in Sources */ = {isa = PBXBuildFile; fileRef = 0187FC561F00E8DD00BD5B8C /* Color+Hex.m */; };
		0187FC5A1F00E91900BD5B8C /* HistoryViewController.m in Sources */ = {isa = PBXBuildFile; fileRef = 0187FC591F00E91900BD5B8C /* HistoryViewController.m */; };
		01AB8C391EE17C3900C4CB9B /* UIView+toast.m in Sources */ = {isa = PBXBuildFile; fileRef = 01AB8C381EE17C3900C4CB9B /* UIView+toast.m */; };
		01C87AC01F00E2F8000BA3FD /* DynamicPictureListViewController.m in Sources */ = {isa = PBXBuildFile; fileRef = 01C87ABF1F00E2F8000BA3FD /* DynamicPictureListViewController.m */; };
		01C87AC31F00E334000BA3FD /* CategoryModel.m in Sources */ = {isa = PBXBuildFile; fileRef = 01C87AC21F00E334000BA3FD /* CategoryModel.m */; };
		01D106B61EE15F0A009DA1DC /* SettingViewController.m in Sources */ = {isa = PBXBuildFile; fileRef = 01D106B51EE15F0A009DA1DC /* SettingViewController.m */; };
		01D106BA1EE16766009DA1DC /* NewsImageCell.m in Sources */ = {isa = PBXBuildFile; fileRef = 01D106B81EE16766009DA1DC /* NewsImageCell.m */; };
		01D106BB1EE16766009DA1DC /* NewsImageCell.xib in Resources */ = {isa = PBXBuildFile; fileRef = 01D106B91EE16766009DA1DC /* NewsImageCell.xib */; };
		8C350F7A40503ED6DB400C91 /* libPods-CaiPiaoNews.a in Frameworks */ = {isa = PBXBuildFile; fileRef = 4483E3C43360C697ED0AA8E9 /* libPods-CaiPiaoNews.a */; };
		A2079CF01EDAC33500CB5561 /* WebKit.framework in Frameworks */ = {isa = PBXBuildFile; fileRef = A2079CEF1EDAC33500CB5561 /* WebKit.framework */; };
		A2079CF31EDAC39500CB5561 /* MLSWebViewController.m in Sources */ = {isa = PBXBuildFile; fileRef = A2079CF21EDAC39500CB5561 /* MLSWebViewController.m */; };
		A2986E831EE3A75E00ABFED9 /* AboutViewController.m in Sources */ = {isa = PBXBuildFile; fileRef = A2986E821EE3A75E00ABFED9 /* AboutViewController.m */; };
		A2986E9B1EE3AA4900ABFED9 /* 启动页1-1242x2208.jpg in Resources */ = {isa = PBXBuildFile; fileRef = A2986E861EE3AA4900ABFED9 /* 启动页1-1242x2208.jpg */; };
		A2986E9C1EE3AA4900ABFED9 /* 启动页1-1536x2048.jpg in Resources */ = {isa = PBXBuildFile; fileRef = A2986E871EE3AA4900ABFED9 /* 启动页1-1536x2048.jpg */; };
		A2986E9D1EE3AA4900ABFED9 /* 启动页1-320x480.jpg in Resources */ = {isa = PBXBuildFile; fileRef = A2986E881EE3AA4900ABFED9 /* 启动页1-320x480.jpg */; };
		A2986E9E1EE3AA4900ABFED9 /* 启动页1-640x1136.jpg in Resources */ = {isa = PBXBuildFile; fileRef = A2986E891EE3AA4900ABFED9 /* 启动页1-640x1136.jpg */; };
		A2986E9F1EE3AA4900ABFED9 /* 启动页1-640x960.jpg in Resources */ = {isa = PBXBuildFile; fileRef = A2986E8A1EE3AA4900ABFED9 /* 启动页1-640x960.jpg */; };
		A2986EA01EE3AA4900ABFED9 /* 启动页1-750x1334.jpg in Resources */ = {isa = PBXBuildFile; fileRef = A2986E8B1EE3AA4900ABFED9 /* 启动页1-750x1334.jpg */; };
		A2986EA11EE3AA4900ABFED9 /* 启动页1-768x1024.jpg in Resources */ = {isa = PBXBuildFile; fileRef = A2986E8C1EE3AA4900ABFED9 /* 启动页1-768x1024.jpg */; };
		A2986EA21EE3AA4900ABFED9 /* 启动页2-1242x2208.jpg in Resources */ = {isa = PBXBuildFile; fileRef = A2986E8D1EE3AA4900ABFED9 /* 启动页2-1242x2208.jpg */; };
		A2986EA31EE3AA4900ABFED9 /* 启动页2-1536x2048.jpg in Resources */ = {isa = PBXBuildFile; fileRef = A2986E8E1EE3AA4900ABFED9 /* 启动页2-1536x2048.jpg */; };
		A2986EA41EE3AA4900ABFED9 /* 启动页2-320x480.jpg in Resources */ = {isa = PBXBuildFile; fileRef = A2986E8F1EE3AA4900ABFED9 /* 启动页2-320x480.jpg */; };
		A2986EA51EE3AA4900ABFED9 /* 启动页2-640x1136.jpg in Resources */ = {isa = PBXBuildFile; fileRef = A2986E901EE3AA4900ABFED9 /* 启动页2-640x1136.jpg */; };
		A2986EA61EE3AA4900ABFED9 /* 启动页2-640x960.jpg in Resources */ = {isa = PBXBuildFile; fileRef = A2986E911EE3AA4900ABFED9 /* 启动页2-640x960.jpg */; };
		A2986EA71EE3AA4900ABFED9 /* 启动页2-750x1334.jpg in Resources */ = {isa = PBXBuildFile; fileRef = A2986E921EE3AA4900ABFED9 /* 启动页2-750x1334.jpg */; };
		A2986EA81EE3AA4900ABFED9 /* 启动页2-768x1024.jpg in Resources */ = {isa = PBXBuildFile; fileRef = A2986E931EE3AA4900ABFED9 /* 启动页2-768x1024.jpg */; };
		A2986EA91EE3AA4900ABFED9 /* 启动页3-1242x2208.jpg in Resources */ = {isa = PBXBuildFile; fileRef = A2986E941EE3AA4900ABFED9 /* 启动页3-1242x2208.jpg */; };
		A2986EAA1EE3AA4900ABFED9 /* 启动页3-1536x2048.jpg in Resources */ = {isa = PBXBuildFile; fileRef = A2986E951EE3AA4900ABFED9 /* 启动页3-1536x2048.jpg */; };
		A2986EAB1EE3AA4900ABFED9 /* 启动页3-320x480.jpg in Resources */ = {isa = PBXBuildFile; fileRef = A2986E961EE3AA4900ABFED9 /* 启动页3-320x480.jpg */; };
		A2986EAC1EE3AA4900ABFED9 /* 启动页3-640x1136.jpg in Resources */ = {isa = PBXBuildFile; fileRef = A2986E971EE3AA4900ABFED9 /* 启动页3-640x1136.jpg */; };
		A2986EAD1EE3AA4900ABFED9 /* 启动页3-640x960.jpg in Resources */ = {isa = PBXBuildFile; fileRef = A2986E981EE3AA4900ABFED9 /* 启动页3-640x960.jpg */; };
		A2986EAE1EE3AA4900ABFED9 /* 启动页3-750x1334.jpg in Resources */ = {isa = PBXBuildFile; fileRef = A2986E991EE3AA4900ABFED9 /* 启动页3-750x1334.jpg */; };
		A2986EAF1EE3AA4900ABFED9 /* 启动页3-768x1024.jpg in Resources */ = {isa = PBXBuildFile; fileRef = A2986E9A1EE3AA4900ABFED9 /* 启动页3-768x1024.jpg */; };
		A2986EB51EE3C76200ABFED9 /* NJKWebViewProgress.m in Sources */ = {isa = PBXBuildFile; fileRef = A2986EB21EE3C76200ABFED9 /* NJKWebViewProgress.m */; };
		A2986EB61EE3C76300ABFED9 /* NJKWebViewProgressView.m in Sources */ = {isa = PBXBuildFile; fileRef = A2986EB41EE3C76200ABFED9 /* NJKWebViewProgressView.m */; };
		A2CCF2101EDA5CDE005B1AB8 /* News.txt in Resources */ = {isa = PBXBuildFile; fileRef = A2CCF20F1EDA5CDE005B1AB8 /* News.txt */; };
		A2CCF2121EDA7A2F005B1AB8 /* NewsList.txt in Resources */ = {isa = PBXBuildFile; fileRef = A2CCF2111EDA7A2F005B1AB8 /* NewsList.txt */; };
		A2CCF21D1EDA844B005B1AB8 /* NewsCell.m in Sources */ = {isa = PBXBuildFile; fileRef = A2CCF21C1EDA844B005B1AB8 /* NewsCell.m */; };
/* End PBXBuildFile section */

/* Begin PBXContainerItemProxy section */
		01135E841ED97631008B3C61 /* PBXContainerItemProxy */ = {
			isa = PBXContainerItemProxy;
			containerPortal = 01135E621ED97630008B3C61 /* Project object */;
			proxyType = 1;
			remoteGlobalIDString = 01135E691ED97630008B3C61;
			remoteInfo = CaiPiaoNews;
		};
		01135E8F1ED97631008B3C61 /* PBXContainerItemProxy */ = {
			isa = PBXContainerItemProxy;
			containerPortal = 01135E621ED97630008B3C61 /* Project object */;
			proxyType = 1;
			remoteGlobalIDString = 01135E691ED97630008B3C61;
			remoteInfo = CaiPiaoNews;
		};
/* End PBXContainerItemProxy section */

/* Begin PBXFileReference section */
		010970E41EE13CC2008DB57F /* NewsListViewController.h */ = {isa = PBXFileReference; fileEncoding = 4; lastKnownFileType = sourcecode.c.h; path = NewsListViewController.h; sourceTree = "<group>"; };
		010970E51EE13CC2008DB57F /* NewsListViewController.m */ = {isa = PBXFileReference; fileEncoding = 4; lastKnownFileType = sourcecode.c.objc; path = NewsListViewController.m; sourceTree = "<group>"; };
		010970F31EE145DD008DB57F /* NewsCell.xib */ = {isa = PBXFileReference; fileEncoding = 4; lastKnownFileType = file.xib; path = NewsCell.xib; sourceTree = "<group>"; };
		010A3A441EE4EFC70074EF03 /* CaiPiaoNews.entitlements */ = {isa = PBXFileReference; lastKnownFileType = text.plist.entitlements; path = CaiPiaoNews.entitlements; sourceTree = "<group>"; };
		01135E6A1ED97630008B3C61 /* CaiPiaoNews.app */ = {isa = PBXFileReference; explicitFileType = wrapper.application; includeInIndex = 0; path = CaiPiaoNews.app; sourceTree = BUILT_PRODUCTS_DIR; };
		01135E6E1ED97630008B3C61 /* main.m */ = {isa = PBXFileReference; lastKnownFileType = sourcecode.c.objc; path = main.m; sourceTree = "<group>"; };
		01135E701ED97630008B3C61 /* AppDelegate.h */ = {isa = PBXFileReference; lastKnownFileType = sourcecode.c.h; path = AppDelegate.h; sourceTree = "<group>"; };
		01135E711ED97630008B3C61 /* AppDelegate.m */ = {isa = PBXFileReference; lastKnownFileType = sourcecode.c.objc; path = AppDelegate.m; sourceTree = "<group>"; };
		01135E731ED97630008B3C61 /* ViewController.h */ = {isa = PBXFileReference; lastKnownFileType = sourcecode.c.h; path = ViewController.h; sourceTree = "<group>"; };
		01135E741ED97630008B3C61 /* ViewController.m */ = {isa = PBXFileReference; lastKnownFileType = sourcecode.c.objc; path = ViewController.m; sourceTree = "<group>"; };
		01135E771ED97630008B3C61 /* Base */ = {isa = PBXFileReference; lastKnownFileType = file.storyboard; name = Base; path = Base.lproj/Main.storyboard; sourceTree = "<group>"; };
		01135E791ED97630008B3C61 /* Assets.xcassets */ = {isa = PBXFileReference; lastKnownFileType = folder.assetcatalog; path = Assets.xcassets; sourceTree = "<group>"; };
		01135E7C1ED97630008B3C61 /* Base */ = {isa = PBXFileReference; lastKnownFileType = file.storyboard; name = Base; path = Base.lproj/LaunchScreen.storyboard; sourceTree = "<group>"; };
		01135E7E1ED97630008B3C61 /* Info.plist */ = {isa = PBXFileReference; lastKnownFileType = text.plist.xml; path = Info.plist; sourceTree = "<group>"; };
		01135E831ED97630008B3C61 /* CaiPiaoNewsTests.xctest */ = {isa = PBXFileReference; explicitFileType = wrapper.cfbundle; includeInIndex = 0; path = CaiPiaoNewsTests.xctest; sourceTree = BUILT_PRODUCTS_DIR; };
		01135E871ED97631008B3C61 /* CaiPiaoNewsTests.m */ = {isa = PBXFileReference; lastKnownFileType = sourcecode.c.objc; path = CaiPiaoNewsTests.m; sourceTree = "<group>"; };
		01135E891ED97631008B3C61 /* Info.plist */ = {isa = PBXFileReference; lastKnownFileType = text.plist.xml; path = Info.plist; sourceTree = "<group>"; };
		01135E8E1ED97631008B3C61 /* CaiPiaoNewsUITests.xctest */ = {isa = PBXFileReference; explicitFileType = wrapper.cfbundle; includeInIndex = 0; path = CaiPiaoNewsUITests.xctest; sourceTree = BUILT_PRODUCTS_DIR; };
		01135E921ED97631008B3C61 /* CaiPiaoNewsUITests.m */ = {isa = PBXFileReference; lastKnownFileType = sourcecode.c.objc; path = CaiPiaoNewsUITests.m; sourceTree = "<group>"; };
		01135E941ED97631008B3C61 /* Info.plist */ = {isa = PBXFileReference; lastKnownFileType = text.plist.xml; path = Info.plist; sourceTree = "<group>"; };
		01135EA11ED989AE008B3C61 /* NetworkManager.h */ = {isa = PBXFileReference; fileEncoding = 4; lastKnownFileType = sourcecode.c.h; path = NetworkManager.h; sourceTree = "<group>"; };
		01135EA21ED989AE008B3C61 /* NetworkManager.m */ = {isa = PBXFileReference; fileEncoding = 4; lastKnownFileType = sourcecode.c.objc; path = NetworkManager.m; sourceTree = "<group>"; };
		0124471D1EE017B100369947 /* Social.framework */ = {isa = PBXFileReference; lastKnownFileType = wrapper.framework; name = Social.framework; path = System/Library/Frameworks/Social.framework; sourceTree = SDKROOT; };
		014EF0CD1EE7A390001FADE6 /* SQLUtil.h */ = {isa = PBXFileReference; fileEncoding = 4; lastKnownFileType = sourcecode.c.h; path = SQLUtil.h; sourceTree = "<group>"; };
		014EF0CE1EE7A390001FADE6 /* SQLUtil.m */ = {isa = PBXFileReference; fileEncoding = 4; lastKnownFileType = sourcecode.c.objc; path = SQLUtil.m; sourceTree = "<group>"; };
		014EF0D01EE7A67E001FADE6 /* PFWebViewController.bundle */ = {isa = PBXFileReference; lastKnownFileType = "wrapper.plug-in"; path = PFWebViewController.bundle; sourceTree = "<group>"; };
		014EF0D11EE7A67E001FADE6 /* PFWebViewController.h */ = {isa = PBXFileReference; fileEncoding = 4; lastKnownFileType = sourcecode.c.h; path = PFWebViewController.h; sourceTree = "<group>"; };
		014EF0D21EE7A67E001FADE6 /* PFWebViewController.m */ = {isa = PBXFileReference; fileEncoding = 4; lastKnownFileType = sourcecode.c.objc; path = PFWebViewController.m; sourceTree = "<group>"; };
		014EF0D31EE7A67E001FADE6 /* PFWebViewNavigationHeader.h */ = {isa = PBXFileReference; fileEncoding = 4; lastKnownFileType = sourcecode.c.h; name = PFWebViewNavigationHeader.h; path = ../ViewControllers/PFWebViewNavigationHeader.h; sourceTree = "<group>"; };
		014EF0D41EE7A67E001FADE6 /* PFWebViewNavigationHeader.m */ = {isa = PBXFileReference; fileEncoding = 4; lastKnownFileType = sourcecode.c.objc; name = PFWebViewNavigationHeader.m; path = ../ViewControllers/PFWebViewNavigationHeader.m; sourceTree = "<group>"; };
		014EF0D81EE7CA70001FADE6 /* VRPhotoBrowser.h */ = {isa = PBXFileReference; fileEncoding = 4; lastKnownFileType = sourcecode.c.h; path = VRPhotoBrowser.h; sourceTree = "<group>"; };
		014EF0D91EE7CA70001FADE6 /* VRPhotoBrowser.m */ = {isa = PBXFileReference; fileEncoding = 4; lastKnownFileType = sourcecode.c.objc; path = VRPhotoBrowser.m; sourceTree = "<group>"; };
		014EF0DB1EE7D98C001FADE6 /* EditViewController.h */ = {isa = PBXFileReference; fileEncoding = 4; lastKnownFileType = sourcecode.c.h; path = EditViewController.h; sourceTree = "<group>"; };
		014EF0DC1EE7D98C001FADE6 /* EditViewController.m */ = {isa = PBXFileReference; fileEncoding = 4; lastKnownFileType = sourcecode.c.objc; path = EditViewController.m; sourceTree = "<group>"; };
		0187FC481F00E80B00BD5B8C /* EightCell.h */ = {isa = PBXFileReference; fileEncoding = 4; lastKnownFileType = sourcecode.c.h; path = EightCell.h; sourceTree = "<group>"; };
		0187FC491F00E80B00BD5B8C /* EightCell.m */ = {isa = PBXFileReference; fileEncoding = 4; lastKnownFileType = sourcecode.c.objc; path = EightCell.m; sourceTree = "<group>"; };
		0187FC4A1F00E80B00BD5B8C /* FiveCell.h */ = {isa = PBXFileReference; fileEncoding = 4; lastKnownFileType = sourcecode.c.h; path = FiveCell.h; sourceTree = "<group>"; };
		0187FC4B1F00E80B00BD5B8C /* FiveCell.m */ = {isa = PBXFileReference; fileEncoding = 4; lastKnownFileType = sourcecode.c.objc; path = FiveCell.m; sourceTree = "<group>"; };
		0187FC4C1F00E80B00BD5B8C /* SevenCell.h */ = {isa = PBXFileReference; fileEncoding = 4; lastKnownFileType = sourcecode.c.h; path = SevenCell.h; sourceTree = "<group>"; };
		0187FC4D1F00E80B00BD5B8C /* SevenCell.m */ = {isa = PBXFileReference; fileEncoding = 4; lastKnownFileType = sourcecode.c.objc; path = SevenCell.m; sourceTree = "<group>"; };
		0187FC4E1F00E80B00BD5B8C /* ThreeCell.h */ = {isa = PBXFileReference; fileEncoding = 4; lastKnownFileType = sourcecode.c.h; path = ThreeCell.h; sourceTree = "<group>"; };
		0187FC4F1F00E80B00BD5B8C /* ThreeCell.m */ = {isa = PBXFileReference; fileEncoding = 4; lastKnownFileType = sourcecode.c.objc; path = ThreeCell.m; sourceTree = "<group>"; };
		0187FC541F00E89800BD5B8C /* CustomHeader.h */ = {isa = PBXFileReference; lastKnownFileType = sourcecode.c.h; path = CustomHeader.h; sourceTree = "<group>"; };
		0187FC551F00E8DD00BD5B8C /* Color+Hex.h */ = {isa = PBXFileReference; fileEncoding = 4; lastKnownFileType = sourcecode.c.h; path = "Color+Hex.h"; sourceTree = "<group>"; };
		0187FC561F00E8DD00BD5B8C /* Color+Hex.m */ = {isa = PBXFileReference; fileEncoding = 4; lastKnownFileType = sourcecode.c.objc; path = "Color+Hex.m"; sourceTree = "<group>"; };
		0187FC581F00E91900BD5B8C /* HistoryViewController.h */ = {isa = PBXFileReference; fileEncoding = 4; lastKnownFileType = sourcecode.c.h; path = HistoryViewController.h; sourceTree = "<group>"; };
		0187FC591F00E91900BD5B8C /* HistoryViewController.m */ = {isa = PBXFileReference; fileEncoding = 4; lastKnownFileType = sourcecode.c.objc; path = HistoryViewController.m; sourceTree = "<group>"; };
		01AB8C371EE17C3900C4CB9B /* UIView+toast.h */ = {isa = PBXFileReference; fileEncoding = 4; lastKnownFileType = sourcecode.c.h; path = "UIView+toast.h"; sourceTree = "<group>"; };
		01AB8C381EE17C3900C4CB9B /* UIView+toast.m */ = {isa = PBXFileReference; fileEncoding = 4; lastKnownFileType = sourcecode.c.objc; path = "UIView+toast.m"; sourceTree = "<group>"; };
		01C87ABE1F00E2F8000BA3FD /* DynamicPictureListViewController.h */ = {isa = PBXFileReference; fileEncoding = 4; lastKnownFileType = sourcecode.c.h; path = DynamicPictureListViewController.h; sourceTree = "<group>"; };
		01C87ABF1F00E2F8000BA3FD /* DynamicPictureListViewController.m */ = {isa = PBXFileReference; fileEncoding = 4; lastKnownFileType = sourcecode.c.objc; path = DynamicPictureListViewController.m; sourceTree = "<group>"; };
		01C87AC11F00E334000BA3FD /* CategoryModel.h */ = {isa = PBXFileReference; fileEncoding = 4; lastKnownFileType = sourcecode.c.h; path = CategoryModel.h; sourceTree = "<group>"; };
		01C87AC21F00E334000BA3FD /* CategoryModel.m */ = {isa = PBXFileReference; fileEncoding = 4; lastKnownFileType = sourcecode.c.objc; path = CategoryModel.m; sourceTree = "<group>"; };
		01D106B41EE15F0A009DA1DC /* SettingViewController.h */ = {isa = PBXFileReference; fileEncoding = 4; lastKnownFileType = sourcecode.c.h; path = SettingViewController.h; sourceTree = "<group>"; };
		01D106B51EE15F0A009DA1DC /* SettingViewController.m */ = {isa = PBXFileReference; fileEncoding = 4; lastKnownFileType = sourcecode.c.objc; path = SettingViewController.m; sourceTree = "<group>"; };
		01D106B71EE16766009DA1DC /* NewsImageCell.h */ = {isa = PBXFileReference; fileEncoding = 4; lastKnownFileType = sourcecode.c.h; path = NewsImageCell.h; sourceTree = "<group>"; };
		01D106B81EE16766009DA1DC /* NewsImageCell.m */ = {isa = PBXFileReference; fileEncoding = 4; lastKnownFileType = sourcecode.c.objc; path = NewsImageCell.m; sourceTree = "<group>"; };
		01D106B91EE16766009DA1DC /* NewsImageCell.xib */ = {isa = PBXFileReference; fileEncoding = 4; lastKnownFileType = file.xib; path = NewsImageCell.xib; sourceTree = "<group>"; };
		4483E3C43360C697ED0AA8E9 /* libPods-CaiPiaoNews.a */ = {isa = PBXFileReference; explicitFileType = archive.ar; includeInIndex = 0; path = "libPods-CaiPiaoNews.a"; sourceTree = BUILT_PRODUCTS_DIR; };
		6A6F14FF046DC7106409733F /* Pods-CaiPiaoNews.debug.xcconfig */ = {isa = PBXFileReference; includeInIndex = 1; lastKnownFileType = text.xcconfig; name = "Pods-CaiPiaoNews.debug.xcconfig"; path = "Pods/Target Support Files/Pods-CaiPiaoNews/Pods-CaiPiaoNews.debug.xcconfig"; sourceTree = "<group>"; };
		A2079CEF1EDAC33500CB5561 /* WebKit.framework */ = {isa = PBXFileReference; lastKnownFileType = wrapper.framework; name = WebKit.framework; path = System/Library/Frameworks/WebKit.framework; sourceTree = SDKROOT; };
		A2079CF11EDAC39500CB5561 /* MLSWebViewController.h */ = {isa = PBXFileReference; fileEncoding = 4; lastKnownFileType = sourcecode.c.h; path = MLSWebViewController.h; sourceTree = "<group>"; };
		A2079CF21EDAC39500CB5561 /* MLSWebViewController.m */ = {isa = PBXFileReference; fileEncoding = 4; lastKnownFileType = sourcecode.c.objc; path = MLSWebViewController.m; sourceTree = "<group>"; };
		A2986E811EE3A75E00ABFED9 /* AboutViewController.h */ = {isa = PBXFileReference; fileEncoding = 4; lastKnownFileType = sourcecode.c.h; path = AboutViewController.h; sourceTree = "<group>"; };
		A2986E821EE3A75E00ABFED9 /* AboutViewController.m */ = {isa = PBXFileReference; fileEncoding = 4; lastKnownFileType = sourcecode.c.objc; path = AboutViewController.m; sourceTree = "<group>"; };
		A2986E861EE3AA4900ABFED9 /* 启动页1-1242x2208.jpg */ = {isa = PBXFileReference; lastKnownFileType = image.jpeg; path = "启动页1-1242x2208.jpg"; sourceTree = "<group>"; };
		A2986E871EE3AA4900ABFED9 /* 启动页1-1536x2048.jpg */ = {isa = PBXFileReference; lastKnownFileType = image.jpeg; path = "启动页1-1536x2048.jpg"; sourceTree = "<group>"; };
		A2986E881EE3AA4900ABFED9 /* 启动页1-320x480.jpg */ = {isa = PBXFileReference; lastKnownFileType = image.jpeg; path = "启动页1-320x480.jpg"; sourceTree = "<group>"; };
		A2986E891EE3AA4900ABFED9 /* 启动页1-640x1136.jpg */ = {isa = PBXFileReference; lastKnownFileType = image.jpeg; path = "启动页1-640x1136.jpg"; sourceTree = "<group>"; };
		A2986E8A1EE3AA4900ABFED9 /* 启动页1-640x960.jpg */ = {isa = PBXFileReference; lastKnownFileType = image.jpeg; path = "启动页1-640x960.jpg"; sourceTree = "<group>"; };
		A2986E8B1EE3AA4900ABFED9 /* 启动页1-750x1334.jpg */ = {isa = PBXFileReference; lastKnownFileType = image.jpeg; path = "启动页1-750x1334.jpg"; sourceTree = "<group>"; };
		A2986E8C1EE3AA4900ABFED9 /* 启动页1-768x1024.jpg */ = {isa = PBXFileReference; lastKnownFileType = image.jpeg; path = "启动页1-768x1024.jpg"; sourceTree = "<group>"; };
		A2986E8D1EE3AA4900ABFED9 /* 启动页2-1242x2208.jpg */ = {isa = PBXFileReference; lastKnownFileType = image.jpeg; path = "启动页2-1242x2208.jpg"; sourceTree = "<group>"; };
		A2986E8E1EE3AA4900ABFED9 /* 启动页2-1536x2048.jpg */ = {isa = PBXFileReference; lastKnownFileType = image.jpeg; path = "启动页2-1536x2048.jpg"; sourceTree = "<group>"; };
		A2986E8F1EE3AA4900ABFED9 /* 启动页2-320x480.jpg */ = {isa = PBXFileReference; lastKnownFileType = image.jpeg; path = "启动页2-320x480.jpg"; sourceTree = "<group>"; };
		A2986E901EE3AA4900ABFED9 /* 启动页2-640x1136.jpg */ = {isa = PBXFileReference; lastKnownFileType = image.jpeg; path = "启动页2-640x1136.jpg"; sourceTree = "<group>"; };
		A2986E911EE3AA4900ABFED9 /* 启动页2-640x960.jpg */ = {isa = PBXFileReference; lastKnownFileType = image.jpeg; path = "启动页2-640x960.jpg"; sourceTree = "<group>"; };
		A2986E921EE3AA4900ABFED9 /* 启动页2-750x1334.jpg */ = {isa = PBXFileReference; lastKnownFileType = image.jpeg; path = "启动页2-750x1334.jpg"; sourceTree = "<group>"; };
		A2986E931EE3AA4900ABFED9 /* 启动页2-768x1024.jpg */ = {isa = PBXFileReference; lastKnownFileType = image.jpeg; path = "启动页2-768x1024.jpg"; sourceTree = "<group>"; };
		A2986E941EE3AA4900ABFED9 /* 启动页3-1242x2208.jpg */ = {isa = PBXFileReference; lastKnownFileType = image.jpeg; path = "启动页3-1242x2208.jpg"; sourceTree = "<group>"; };
		A2986E951EE3AA4900ABFED9 /* 启动页3-1536x2048.jpg */ = {isa = PBXFileReference; lastKnownFileType = image.jpeg; path = "启动页3-1536x2048.jpg"; sourceTree = "<group>"; };
		A2986E961EE3AA4900ABFED9 /* 启动页3-320x480.jpg */ = {isa = PBXFileReference; lastKnownFileType = image.jpeg; path = "启动页3-320x480.jpg"; sourceTree = "<group>"; };
		A2986E971EE3AA4900ABFED9 /* 启动页3-640x1136.jpg */ = {isa = PBXFileReference; lastKnownFileType = image.jpeg; path = "启动页3-640x1136.jpg"; sourceTree = "<group>"; };
		A2986E981EE3AA4900ABFED9 /* 启动页3-640x960.jpg */ = {isa = PBXFileReference; lastKnownFileType = image.jpeg; path = "启动页3-640x960.jpg"; sourceTree = "<group>"; };
		A2986E991EE3AA4900ABFED9 /* 启动页3-750x1334.jpg */ = {isa = PBXFileReference; lastKnownFileType = image.jpeg; path = "启动页3-750x1334.jpg"; sourceTree = "<group>"; };
		A2986E9A1EE3AA4900ABFED9 /* 启动页3-768x1024.jpg */ = {isa = PBXFileReference; lastKnownFileType = image.jpeg; path = "启动页3-768x1024.jpg"; sourceTree = "<group>"; };
		A2986EB11EE3C76200ABFED9 /* NJKWebViewProgress.h */ = {isa = PBXFileReference; fileEncoding = 4; lastKnownFileType = sourcecode.c.h; path = NJKWebViewProgress.h; sourceTree = "<group>"; };
		A2986EB21EE3C76200ABFED9 /* NJKWebViewProgress.m */ = {isa = PBXFileReference; fileEncoding = 4; lastKnownFileType = sourcecode.c.objc; path = NJKWebViewProgress.m; sourceTree = "<group>"; };
		A2986EB31EE3C76200ABFED9 /* NJKWebViewProgressView.h */ = {isa = PBXFileReference; fileEncoding = 4; lastKnownFileType = sourcecode.c.h; path = NJKWebViewProgressView.h; sourceTree = "<group>"; };
		A2986EB41EE3C76200ABFED9 /* NJKWebViewProgressView.m */ = {isa = PBXFileReference; fileEncoding = 4; lastKnownFileType = sourcecode.c.objc; path = NJKWebViewProgressView.m; sourceTree = "<group>"; };
		A2CCF20F1EDA5CDE005B1AB8 /* News.txt */ = {isa = PBXFileReference; fileEncoding = 4; lastKnownFileType = text; path = News.txt; sourceTree = "<group>"; };
		A2CCF2111EDA7A2F005B1AB8 /* NewsList.txt */ = {isa = PBXFileReference; fileEncoding = 4; lastKnownFileType = text; path = NewsList.txt; sourceTree = "<group>"; };
		A2CCF21B1EDA844B005B1AB8 /* NewsCell.h */ = {isa = PBXFileReference; fileEncoding = 4; lastKnownFileType = sourcecode.c.h; path = NewsCell.h; sourceTree = "<group>"; };
		A2CCF21C1EDA844B005B1AB8 /* NewsCell.m */ = {isa = PBXFileReference; fileEncoding = 4; lastKnownFileType = sourcecode.c.objc; path = NewsCell.m; sourceTree = "<group>"; };
		CA6C0F9B1475F761E23EC62E /* Pods-CaiPiaoNews.release.xcconfig */ = {isa = PBXFileReference; includeInIndex = 1; lastKnownFileType = text.xcconfig; name = "Pods-CaiPiaoNews.release.xcconfig"; path = "Pods/Target Support Files/Pods-CaiPiaoNews/Pods-CaiPiaoNews.release.xcconfig"; sourceTree = "<group>"; };
/* End PBXFileReference section */

/* Begin PBXFrameworksBuildPhase section */
		01135E671ED97630008B3C61 /* Frameworks */ = {
			isa = PBXFrameworksBuildPhase;
			buildActionMask = 2147483647;
			files = (
				0124471E1EE017B100369947 /* Social.framework in Frameworks */,
				A2079CF01EDAC33500CB5561 /* WebKit.framework in Frameworks */,
				8C350F7A40503ED6DB400C91 /* libPods-CaiPiaoNews.a in Frameworks */,
			);
			runOnlyForDeploymentPostprocessing = 0;
		};
		01135E801ED97630008B3C61 /* Frameworks */ = {
			isa = PBXFrameworksBuildPhase;
			buildActionMask = 2147483647;
			files = (
			);
			runOnlyForDeploymentPostprocessing = 0;
		};
		01135E8B1ED97631008B3C61 /* Frameworks */ = {
			isa = PBXFrameworksBuildPhase;
			buildActionMask = 2147483647;
			files = (
			);
			runOnlyForDeploymentPostprocessing = 0;
		};
/* End PBXFrameworksBuildPhase section */

/* Begin PBXGroup section */
		010970E21EE13C96008DB57F /* ViewControllers */ = {
			isa = PBXGroup;
			children = (
				014EF0D81EE7CA70001FADE6 /* VRPhotoBrowser.h */,
				014EF0D91EE7CA70001FADE6 /* VRPhotoBrowser.m */,
				014EF0D01EE7A67E001FADE6 /* PFWebViewController.bundle */,
				014EF0D11EE7A67E001FADE6 /* PFWebViewController.h */,
				014EF0D21EE7A67E001FADE6 /* PFWebViewController.m */,
			);
			path = ViewControllers;
			sourceTree = "<group>";
		};
		010970E31EE13CA7008DB57F /* Home */ = {
			isa = PBXGroup;
			children = (
				0187FC581F00E91900BD5B8C /* HistoryViewController.h */,
				0187FC591F00E91900BD5B8C /* HistoryViewController.m */,
				0187FC551F00E8DD00BD5B8C /* Color+Hex.h */,
				0187FC561F00E8DD00BD5B8C /* Color+Hex.m */,
				0187FC481F00E80B00BD5B8C /* EightCell.h */,
				0187FC491F00E80B00BD5B8C /* EightCell.m */,
				0187FC4A1F00E80B00BD5B8C /* FiveCell.h */,
				0187FC4B1F00E80B00BD5B8C /* FiveCell.m */,
				0187FC4C1F00E80B00BD5B8C /* SevenCell.h */,
				0187FC4D1F00E80B00BD5B8C /* SevenCell.m */,
				0187FC4E1F00E80B00BD5B8C /* ThreeCell.h */,
				0187FC4F1F00E80B00BD5B8C /* ThreeCell.m */,
				01C87AC11F00E334000BA3FD /* CategoryModel.h */,
				01C87AC21F00E334000BA3FD /* CategoryModel.m */,
				01C87ABE1F00E2F8000BA3FD /* DynamicPictureListViewController.h */,
				01C87ABF1F00E2F8000BA3FD /* DynamicPictureListViewController.m */,
				010970E41EE13CC2008DB57F /* NewsListViewController.h */,
				010970E51EE13CC2008DB57F /* NewsListViewController.m */,
			);
			path = Home;
			sourceTree = "<group>";
		};
		01135E611ED97630008B3C61 = {
			isa = PBXGroup;
			children = (
				01135E6C1ED97630008B3C61 /* CaiPiaoNews */,
				01135E861ED97631008B3C61 /* CaiPiaoNewsTests */,
				01135E911ED97631008B3C61 /* CaiPiaoNewsUITests */,
				01135E6B1ED97630008B3C61 /* Products */,
				3821842F3292C6D0AE2EB46C /* Pods */,
				54CE6DE66F3743AC421C7BEB /* Frameworks */,
			);
			sourceTree = "<group>";
		};
		01135E6B1ED97630008B3C61 /* Products */ = {
			isa = PBXGroup;
			children = (
				01135E6A1ED97630008B3C61 /* CaiPiaoNews.app */,
				01135E831ED97630008B3C61 /* CaiPiaoNewsTests.xctest */,
				01135E8E1ED97631008B3C61 /* CaiPiaoNewsUITests.xctest */,
			);
			name = Products;
			sourceTree = "<group>";
		};
		01135E6C1ED97630008B3C61 /* CaiPiaoNews */ = {
			isa = PBXGroup;
			children = (
				010A3A441EE4EFC70074EF03 /* CaiPiaoNews.entitlements */,
				A2986E851EE3AA4900ABFED9 /* LaunchImage */,
				01AB8C371EE17C3900C4CB9B /* UIView+toast.h */,
				01AB8C381EE17C3900C4CB9B /* UIView+toast.m */,
				01AB8C0C1EE1784A00C4CB9B /* LaunchImage */,
				01D106B31EE15EED009DA1DC /* Settings */,
				010970E31EE13CA7008DB57F /* Home */,
				A2CCF2131EDA7E2D005B1AB8 /* News */,
				01135EA01ED989A4008B3C61 /* Serverce */,
				01135E701ED97630008B3C61 /* AppDelegate.h */,
				A2CCF20F1EDA5CDE005B1AB8 /* News.txt */,
				A2CCF2111EDA7A2F005B1AB8 /* NewsList.txt */,
				01135E711ED97630008B3C61 /* AppDelegate.m */,
				01135E731ED97630008B3C61 /* ViewController.h */,
				01135E741ED97630008B3C61 /* ViewController.m */,
				01135E761ED97630008B3C61 /* Main.storyboard */,
				01135E791ED97630008B3C61 /* Assets.xcassets */,
				01135E7B1ED97630008B3C61 /* LaunchScreen.storyboard */,
				01135E7E1ED97630008B3C61 /* Info.plist */,
				01135E6D1ED97630008B3C61 /* Supporting Files */,
				0187FC541F00E89800BD5B8C /* CustomHeader.h */,
			);
			path = CaiPiaoNews;
			sourceTree = "<group>";
		};
		01135E6D1ED97630008B3C61 /* Supporting Files */ = {
			isa = PBXGroup;
			children = (
				01135E6E1ED97630008B3C61 /* main.m */,
			);
			name = "Supporting Files";
			sourceTree = "<group>";
		};
		01135E861ED97631008B3C61 /* CaiPiaoNewsTests */ = {
			isa = PBXGroup;
			children = (
				01135E871ED97631008B3C61 /* CaiPiaoNewsTests.m */,
				01135E891ED97631008B3C61 /* Info.plist */,
			);
			path = CaiPiaoNewsTests;
			sourceTree = "<group>";
		};
		01135E911ED97631008B3C61 /* CaiPiaoNewsUITests */ = {
			isa = PBXGroup;
			children = (
				01135E921ED97631008B3C61 /* CaiPiaoNewsUITests.m */,
				01135E941ED97631008B3C61 /* Info.plist */,
			);
			path = CaiPiaoNewsUITests;
			sourceTree = "<group>";
		};
		01135EA01ED989A4008B3C61 /* Serverce */ = {
			isa = PBXGroup;
			children = (
				014EF0CD1EE7A390001FADE6 /* SQLUtil.h */,
				014EF0CE1EE7A390001FADE6 /* SQLUtil.m */,
				01135EA11ED989AE008B3C61 /* NetworkManager.h */,
				01135EA21ED989AE008B3C61 /* NetworkManager.m */,
			);
			path = Serverce;
			sourceTree = "<group>";
		};
		01AB8C0C1EE1784A00C4CB9B /* LaunchImage */ = {
			isa = PBXGroup;
			children = (
			);
			path = LaunchImage;
			sourceTree = "<group>";
		};
		01D106B31EE15EED009DA1DC /* Settings */ = {
			isa = PBXGroup;
			children = (
				01D106B41EE15F0A009DA1DC /* SettingViewController.h */,
				01D106B51EE15F0A009DA1DC /* SettingViewController.m */,
				A2986E811EE3A75E00ABFED9 /* AboutViewController.h */,
				A2986E821EE3A75E00ABFED9 /* AboutViewController.m */,
				014EF0DB1EE7D98C001FADE6 /* EditViewController.h */,
				014EF0DC1EE7D98C001FADE6 /* EditViewController.m */,
			);
			path = Settings;
			sourceTree = "<group>";
		};
		3821842F3292C6D0AE2EB46C /* Pods */ = {
			isa = PBXGroup;
			children = (
				6A6F14FF046DC7106409733F /* Pods-CaiPiaoNews.debug.xcconfig */,
				CA6C0F9B1475F761E23EC62E /* Pods-CaiPiaoNews.release.xcconfig */,
			);
			name = Pods;
			sourceTree = "<group>";
		};
		54CE6DE66F3743AC421C7BEB /* Frameworks */ = {
			isa = PBXGroup;
			children = (
				0124471D1EE017B100369947 /* Social.framework */,
				A2079CEF1EDAC33500CB5561 /* WebKit.framework */,
				4483E3C43360C697ED0AA8E9 /* libPods-CaiPiaoNews.a */,
			);
			name = Frameworks;
			sourceTree = "<group>";
		};
		A2986E851EE3AA4900ABFED9 /* LaunchImage */ = {
			isa = PBXGroup;
			children = (
				A2986E861EE3AA4900ABFED9 /* 启动页1-1242x2208.jpg */,
				A2986E871EE3AA4900ABFED9 /* 启动页1-1536x2048.jpg */,
				A2986E881EE3AA4900ABFED9 /* 启动页1-320x480.jpg */,
				A2986E891EE3AA4900ABFED9 /* 启动页1-640x1136.jpg */,
				A2986E8A1EE3AA4900ABFED9 /* 启动页1-640x960.jpg */,
				A2986E8B1EE3AA4900ABFED9 /* 启动页1-750x1334.jpg */,
				A2986E8C1EE3AA4900ABFED9 /* 启动页1-768x1024.jpg */,
				A2986E8D1EE3AA4900ABFED9 /* 启动页2-1242x2208.jpg */,
				A2986E8E1EE3AA4900ABFED9 /* 启动页2-1536x2048.jpg */,
				A2986E8F1EE3AA4900ABFED9 /* 启动页2-320x480.jpg */,
				A2986E901EE3AA4900ABFED9 /* 启动页2-640x1136.jpg */,
				A2986E911EE3AA4900ABFED9 /* 启动页2-640x960.jpg */,
				A2986E921EE3AA4900ABFED9 /* 启动页2-750x1334.jpg */,
				A2986E931EE3AA4900ABFED9 /* 启动页2-768x1024.jpg */,
				A2986E941EE3AA4900ABFED9 /* 启动页3-1242x2208.jpg */,
				A2986E951EE3AA4900ABFED9 /* 启动页3-1536x2048.jpg */,
				A2986E961EE3AA4900ABFED9 /* 启动页3-320x480.jpg */,
				A2986E971EE3AA4900ABFED9 /* 启动页3-640x1136.jpg */,
				A2986E981EE3AA4900ABFED9 /* 启动页3-640x960.jpg */,
				A2986E991EE3AA4900ABFED9 /* 启动页3-750x1334.jpg */,
				A2986E9A1EE3AA4900ABFED9 /* 启动页3-768x1024.jpg */,
			);
			path = LaunchImage;
			sourceTree = "<group>";
		};
		A2986EB01EE3C76200ABFED9 /* NJKWebViewProgress */ = {
			isa = PBXGroup;
			children = (
				A2986EB11EE3C76200ABFED9 /* NJKWebViewProgress.h */,
				A2986EB21EE3C76200ABFED9 /* NJKWebViewProgress.m */,
				A2986EB31EE3C76200ABFED9 /* NJKWebViewProgressView.h */,
				A2986EB41EE3C76200ABFED9 /* NJKWebViewProgressView.m */,
			);
			path = NJKWebViewProgress;
			sourceTree = "<group>";
		};
		A2CCF2131EDA7E2D005B1AB8 /* News */ = {
			isa = PBXGroup;
			children = (
				010970E21EE13C96008DB57F /* ViewControllers */,
				A2CCF21A1EDA8437005B1AB8 /* Views */,
			);
			path = News;
			sourceTree = "<group>";
		};
		A2CCF21A1EDA8437005B1AB8 /* Views */ = {
			isa = PBXGroup;
			children = (
				014EF0D31EE7A67E001FADE6 /* PFWebViewNavigationHeader.h */,
				014EF0D41EE7A67E001FADE6 /* PFWebViewNavigationHeader.m */,
				A2986EB01EE3C76200ABFED9 /* NJKWebViewProgress */,
				A2079CF11EDAC39500CB5561 /* MLSWebViewController.h */,
				A2079CF21EDAC39500CB5561 /* MLSWebViewController.m */,
				A2CCF21B1EDA844B005B1AB8 /* NewsCell.h */,
				A2CCF21C1EDA844B005B1AB8 /* NewsCell.m */,
				010970F31EE145DD008DB57F /* NewsCell.xib */,
				01D106B71EE16766009DA1DC /* NewsImageCell.h */,
				01D106B81EE16766009DA1DC /* NewsImageCell.m */,
				01D106B91EE16766009DA1DC /* NewsImageCell.xib */,
			);
			path = Views;
			sourceTree = "<group>";
		};
/* End PBXGroup section */

/* Begin PBXNativeTarget section */
		01135E691ED97630008B3C61 /* CaiPiaoNews */ = {
			isa = PBXNativeTarget;
			buildConfigurationList = 01135E971ED97631008B3C61 /* Build configuration list for PBXNativeTarget "CaiPiaoNews" */;
			buildPhases = (
				00C227FA5C9B8969D9CCA011 /* [CP] Check Pods Manifest.lock */,
				01135E661ED97630008B3C61 /* Sources */,
				01135E671ED97630008B3C61 /* Frameworks */,
				01135E681ED97630008B3C61 /* Resources */,
				521F694C4B6A3D7522CE44BB /* [CP] Embed Pods Frameworks */,
				005D7F4E7709A774198B94FA /* [CP] Copy Pods Resources */,
			);
			buildRules = (
			);
			dependencies = (
			);
			name = CaiPiaoNews;
			productName = CaiPiaoNews;
			productReference = 01135E6A1ED97630008B3C61 /* CaiPiaoNews.app */;
			productType = "com.apple.product-type.application";
		};
		01135E821ED97630008B3C61 /* CaiPiaoNewsTests */ = {
			isa = PBXNativeTarget;
			buildConfigurationList = 01135E9A1ED97631008B3C61 /* Build configuration list for PBXNativeTarget "CaiPiaoNewsTests" */;
			buildPhases = (
				01135E7F1ED97630008B3C61 /* Sources */,
				01135E801ED97630008B3C61 /* Frameworks */,
				01135E811ED97630008B3C61 /* Resources */,
			);
			buildRules = (
			);
			dependencies = (
				01135E851ED97631008B3C61 /* PBXTargetDependency */,
			);
			name = CaiPiaoNewsTests;
			productName = CaiPiaoNewsTests;
			productReference = 01135E831ED97630008B3C61 /* CaiPiaoNewsTests.xctest */;
			productType = "com.apple.product-type.bundle.unit-test";
		};
		01135E8D1ED97631008B3C61 /* CaiPiaoNewsUITests */ = {
			isa = PBXNativeTarget;
			buildConfigurationList = 01135E9D1ED97631008B3C61 /* Build configuration list for PBXNativeTarget "CaiPiaoNewsUITests" */;
			buildPhases = (
				01135E8A1ED97631008B3C61 /* Sources */,
				01135E8B1ED97631008B3C61 /* Frameworks */,
				01135E8C1ED97631008B3C61 /* Resources */,
			);
			buildRules = (
			);
			dependencies = (
				01135E901ED97631008B3C61 /* PBXTargetDependency */,
			);
			name = CaiPiaoNewsUITests;
			productName = CaiPiaoNewsUITests;
			productReference = 01135E8E1ED97631008B3C61 /* CaiPiaoNewsUITests.xctest */;
			productType = "com.apple.product-type.bundle.ui-testing";
		};
/* End PBXNativeTarget section */

/* Begin PBXProject section */
		01135E621ED97630008B3C61 /* Project object */ = {
			isa = PBXProject;
			attributes = {
				LastUpgradeCheck = 0830;
				ORGANIZATIONNAME = lushuai;
				TargetAttributes = {
					01135E691ED97630008B3C61 = {
						CreatedOnToolsVersion = 8.3.2;
						DevelopmentTeam = ZCFNNXML4G;
						ProvisioningStyle = Automatic;
						SystemCapabilities = {
							com.apple.Push = {
								enabled = 1;
							};
						};
					};
					01135E821ED97630008B3C61 = {
						CreatedOnToolsVersion = 8.3.2;
						ProvisioningStyle = Automatic;
						TestTargetID = 01135E691ED97630008B3C61;
					};
					01135E8D1ED97631008B3C61 = {
						CreatedOnToolsVersion = 8.3.2;
						ProvisioningStyle = Automatic;
						TestTargetID = 01135E691ED97630008B3C61;
					};
				};
			};
			buildConfigurationList = 01135E651ED97630008B3C61 /* Build configuration list for PBXProject "CaiPiaoNews" */;
			compatibilityVersion = "Xcode 3.2";
			developmentRegion = English;
			hasScannedForEncodings = 0;
			knownRegions = (
				en,
				Base,
			);
			mainGroup = 01135E611ED97630008B3C61;
			productRefGroup = 01135E6B1ED97630008B3C61 /* Products */;
			projectDirPath = "";
			projectRoot = "";
			targets = (
				01135E691ED97630008B3C61 /* CaiPiaoNews */,
				01135E821ED97630008B3C61 /* CaiPiaoNewsTests */,
				01135E8D1ED97631008B3C61 /* CaiPiaoNewsUITests */,
			);
		};
/* End PBXProject section */

/* Begin PBXResourcesBuildPhase section */
		01135E681ED97630008B3C61 /* Resources */ = {
			isa = PBXResourcesBuildPhase;
			buildActionMask = 2147483647;
			files = (
				A2986EAF1EE3AA4900ABFED9 /* 启动页3-768x1024.jpg in Resources */,
				A2986E9B1EE3AA4900ABFED9 /* 启动页1-1242x2208.jpg in Resources */,
				A2986EA61EE3AA4900ABFED9 /* 启动页2-640x960.jpg in Resources */,
				A2986EA31EE3AA4900ABFED9 /* 启动页2-1536x2048.jpg in Resources */,
				A2986EAC1EE3AA4900ABFED9 /* 启动页3-640x1136.jpg in Resources */,
				010970F41EE145DD008DB57F /* NewsCell.xib in Resources */,
				A2986E9D1EE3AA4900ABFED9 /* 启动页1-320x480.jpg in Resources */,
				01135E7D1ED97630008B3C61 /* LaunchScreen.storyboard in Resources */,
				A2986EA21EE3AA4900ABFED9 /* 启动页2-1242x2208.jpg in Resources */,
				014EF0D51EE7A67E001FADE6 /* PFWebViewController.bundle in Resources */,
				A2986EA11EE3AA4900ABFED9 /* 启动页1-768x1024.jpg in Resources */,
				A2CCF2101EDA5CDE005B1AB8 /* News.txt in Resources */,
				01D106BB1EE16766009DA1DC /* NewsImageCell.xib in Resources */,
				A2986E9F1EE3AA4900ABFED9 /* 启动页1-640x960.jpg in Resources */,
				A2CCF2121EDA7A2F005B1AB8 /* NewsList.txt in Resources */,
				A2986EAB1EE3AA4900ABFED9 /* 启动页3-320x480.jpg in Resources */,
				A2986EA41EE3AA4900ABFED9 /* 启动页2-320x480.jpg in Resources */,
				01135E7A1ED97630008B3C61 /* Assets.xcassets in Resources */,
				A2986EA71EE3AA4900ABFED9 /* 启动页2-750x1334.jpg in Resources */,
				01135E781ED97630008B3C61 /* Main.storyboard in Resources */,
				A2986EA51EE3AA4900ABFED9 /* 启动页2-640x1136.jpg in Resources */,
				A2986EA81EE3AA4900ABFED9 /* 启动页2-768x1024.jpg in Resources */,
				A2986EAD1EE3AA4900ABFED9 /* 启动页3-640x960.jpg in Resources */,
				A2986EAA1EE3AA4900ABFED9 /* 启动页3-1536x2048.jpg in Resources */,
				A2986EA91EE3AA4900ABFED9 /* 启动页3-1242x2208.jpg in Resources */,
				A2986E9C1EE3AA4900ABFED9 /* 启动页1-1536x2048.jpg in Resources */,
				A2986EA01EE3AA4900ABFED9 /* 启动页1-750x1334.jpg in Resources */,
				A2986E9E1EE3AA4900ABFED9 /* 启动页1-640x1136.jpg in Resources */,
				A2986EAE1EE3AA4900ABFED9 /* 启动页3-750x1334.jpg in Resources */,
			);
			runOnlyForDeploymentPostprocessing = 0;
		};
		01135E811ED97630008B3C61 /* Resources */ = {
			isa = PBXResourcesBuildPhase;
			buildActionMask = 2147483647;
			files = (
			);
			runOnlyForDeploymentPostprocessing = 0;
		};
		01135E8C1ED97631008B3C61 /* Resources */ = {
			isa = PBXResourcesBuildPhase;
			buildActionMask = 2147483647;
			files = (
			);
			runOnlyForDeploymentPostprocessing = 0;
		};
/* End PBXResourcesBuildPhase section */

/* Begin PBXShellScriptBuildPhase section */
		005D7F4E7709A774198B94FA /* [CP] Copy Pods Resources */ = {
			isa = PBXShellScriptBuildPhase;
			buildActionMask = 2147483647;
			files = (
			);
			inputPaths = (
			);
			name = "[CP] Copy Pods Resources";
			outputPaths = (
			);
			runOnlyForDeploymentPostprocessing = 0;
			shellPath = /bin/sh;
			shellScript = "\"${SRCROOT}/Pods/Target Support Files/Pods-CaiPiaoNews/Pods-CaiPiaoNews-resources.sh\"\n";
			showEnvVarsInLog = 0;
		};
		00C227FA5C9B8969D9CCA011 /* [CP] Check Pods Manifest.lock */ = {
			isa = PBXShellScriptBuildPhase;
			buildActionMask = 2147483647;
			files = (
			);
			inputPaths = (
			);
			name = "[CP] Check Pods Manifest.lock";
			outputPaths = (
			);
			runOnlyForDeploymentPostprocessing = 0;
			shellPath = /bin/sh;
			shellScript = "diff \"${PODS_ROOT}/../Podfile.lock\" \"${PODS_ROOT}/Manifest.lock\" > /dev/null\nif [ $? != 0 ] ; then\n    # print error to STDERR\n    echo \"error: The sandbox is not in sync with the Podfile.lock. Run 'pod install' or update your CocoaPods installation.\" >&2\n    exit 1\nfi\n";
			showEnvVarsInLog = 0;
		};
		521F694C4B6A3D7522CE44BB /* [CP] Embed Pods Frameworks */ = {
			isa = PBXShellScriptBuildPhase;
			buildActionMask = 2147483647;
			files = (
			);
			inputPaths = (
			);
			name = "[CP] Embed Pods Frameworks";
			outputPaths = (
			);
			runOnlyForDeploymentPostprocessing = 0;
			shellPath = /bin/sh;
			shellScript = "\"${SRCROOT}/Pods/Target Support Files/Pods-CaiPiaoNews/Pods-CaiPiaoNews-frameworks.sh\"\n";
			showEnvVarsInLog = 0;
		};
/* End PBXShellScriptBuildPhase section */

/* Begin PBXSourcesBuildPhase section */
		01135E661ED97630008B3C61 /* Sources */ = {
			isa = PBXSourcesBuildPhase;
			buildActionMask = 2147483647;
			files = (
				01135EA31ED989AE008B3C61 /* NetworkManager.m in Sources */,
				01AB8C391EE17C3900C4CB9B /* UIView+toast.m in Sources */,
				014EF0CF1EE7A390001FADE6 /* SQLUtil.m in Sources */,
				A2CCF21D1EDA844B005B1AB8 /* NewsCell.m in Sources */,
				010970E61EE13CC2008DB57F /* NewsListViewController.m in Sources */,
				A2986EB51EE3C76200ABFED9 /* NJKWebViewProgress.m in Sources */,
				01135E751ED97630008B3C61 /* ViewController.m in Sources */,
				A2986E831EE3A75E00ABFED9 /* AboutViewController.m in Sources */,
				A2986EB61EE3C76300ABFED9 /* NJKWebViewProgressView.m in Sources */,
				01D106B61EE15F0A009DA1DC /* SettingViewController.m in Sources */,
				014EF0DD1EE7D98C001FADE6 /* EditViewController.m in Sources */,
				A2079CF31EDAC39500CB5561 /* MLSWebViewController.m in Sources */,
				01135E721ED97630008B3C61 /* AppDelegate.m in Sources */,
				01C87AC31F00E334000BA3FD /* CategoryModel.m in Sources */,
				0187FC531F00E80B00BD5B8C /* ThreeCell.m in Sources */,
				0187FC501F00E80B00BD5B8C /* EightCell.m in Sources */,
				0187FC511F00E80B00BD5B8C /* FiveCell.m in Sources */,
				014EF0DA1EE7CA70001FADE6 /* VRPhotoBrowser.m in Sources */,
				014EF0D61EE7A67E001FADE6 /* PFWebViewController.m in Sources */,
				0187FC5A1F00E91900BD5B8C /* HistoryViewController.m in Sources */,
				01D106BA1EE16766009DA1DC /* NewsImageCell.m in Sources */,
				0187FC571F00E8DD00BD5B8C /* Color+Hex.m in Sources */,
				01C87AC01F00E2F8000BA3FD /* DynamicPictureListViewController.m in Sources */,
				0187FC521F00E80B00BD5B8C /* SevenCell.m in Sources */,
				014EF0D71EE7A67E001FADE6 /* PFWebViewNavigationHeader.m in Sources */,
				01135E6F1ED97630008B3C61 /* main.m in Sources */,
			);
			runOnlyForDeploymentPostprocessing = 0;
		};
		01135E7F1ED97630008B3C61 /* Sources */ = {
			isa = PBXSourcesBuildPhase;
			buildActionMask = 2147483647;
			files = (
				01135E881ED97631008B3C61 /* CaiPiaoNewsTests.m in Sources */,
			);
			runOnlyForDeploymentPostprocessing = 0;
		};
		01135E8A1ED97631008B3C61 /* Sources */ = {
			isa = PBXSourcesBuildPhase;
			buildActionMask = 2147483647;
			files = (
				01135E931ED97631008B3C61 /* CaiPiaoNewsUITests.m in Sources */,
			);
			runOnlyForDeploymentPostprocessing = 0;
		};
/* End PBXSourcesBuildPhase section */

/* Begin PBXTargetDependency section */
		01135E851ED97631008B3C61 /* PBXTargetDependency */ = {
			isa = PBXTargetDependency;
			target = 01135E691ED97630008B3C61 /* CaiPiaoNews */;
			targetProxy = 01135E841ED97631008B3C61 /* PBXContainerItemProxy */;
		};
		01135E901ED97631008B3C61 /* PBXTargetDependency */ = {
			isa = PBXTargetDependency;
			target = 01135E691ED97630008B3C61 /* CaiPiaoNews */;
			targetProxy = 01135E8F1ED97631008B3C61 /* PBXContainerItemProxy */;
		};
/* End PBXTargetDependency section */

/* Begin PBXVariantGroup section */
		01135E761ED97630008B3C61 /* Main.storyboard */ = {
			isa = PBXVariantGroup;
			children = (
				01135E771ED97630008B3C61 /* Base */,
			);
			name = Main.storyboard;
			sourceTree = "<group>";
		};
		01135E7B1ED97630008B3C61 /* LaunchScreen.storyboard */ = {
			isa = PBXVariantGroup;
			children = (
				01135E7C1ED97630008B3C61 /* Base */,
			);
			name = LaunchScreen.storyboard;
			sourceTree = "<group>";
		};
/* End PBXVariantGroup section */

/* Begin XCBuildConfiguration section */
		01135E951ED97631008B3C61 /* Debug */ = {
			isa = XCBuildConfiguration;
			buildSettings = {
				ALWAYS_SEARCH_USER_PATHS = NO;
				CLANG_ANALYZER_NONNULL = YES;
				CLANG_ANALYZER_NUMBER_OBJECT_CONVERSION = YES_AGGRESSIVE;
				CLANG_CXX_LANGUAGE_STANDARD = "gnu++0x";
				CLANG_CXX_LIBRARY = "libc++";
				CLANG_ENABLE_MODULES = YES;
				CLANG_ENABLE_OBJC_ARC = YES;
				CLANG_WARN_BOOL_CONVERSION = YES;
				CLANG_WARN_CONSTANT_CONVERSION = YES;
				CLANG_WARN_DIRECT_OBJC_ISA_USAGE = YES_ERROR;
				CLANG_WARN_DOCUMENTATION_COMMENTS = YES;
				CLANG_WARN_EMPTY_BODY = YES;
				CLANG_WARN_ENUM_CONVERSION = YES;
				CLANG_WARN_INFINITE_RECURSION = YES;
				CLANG_WARN_INT_CONVERSION = YES;
				CLANG_WARN_OBJC_ROOT_CLASS = YES_ERROR;
				CLANG_WARN_SUSPICIOUS_MOVE = YES;
				CLANG_WARN_UNREACHABLE_CODE = YES;
				CLANG_WARN__DUPLICATE_METHOD_MATCH = YES;
				"CODE_SIGN_IDENTITY[sdk=iphoneos*]" = "iPhone Developer";
				COPY_PHASE_STRIP = NO;
				DEBUG_INFORMATION_FORMAT = dwarf;
				ENABLE_STRICT_OBJC_MSGSEND = YES;
				ENABLE_TESTABILITY = YES;
				GCC_C_LANGUAGE_STANDARD = gnu99;
				GCC_DYNAMIC_NO_PIC = NO;
				GCC_NO_COMMON_BLOCKS = YES;
				GCC_OPTIMIZATION_LEVEL = 0;
				GCC_PREPROCESSOR_DEFINITIONS = (
					"DEBUG=1",
					"$(inherited)",
				);
				GCC_WARN_64_TO_32_BIT_CONVERSION = YES;
				GCC_WARN_ABOUT_RETURN_TYPE = YES_ERROR;
				GCC_WARN_UNDECLARED_SELECTOR = YES;
				GCC_WARN_UNINITIALIZED_AUTOS = YES_AGGRESSIVE;
				GCC_WARN_UNUSED_FUNCTION = YES;
				GCC_WARN_UNUSED_VARIABLE = YES;
				IPHONEOS_DEPLOYMENT_TARGET = 10.3;
				MTL_ENABLE_DEBUG_INFO = YES;
				ONLY_ACTIVE_ARCH = YES;
				SDKROOT = iphoneos;
				TARGETED_DEVICE_FAMILY = "1,2";
			};
			name = Debug;
		};
		01135E961ED97631008B3C61 /* Release */ = {
			isa = XCBuildConfiguration;
			buildSettings = {
				ALWAYS_SEARCH_USER_PATHS = NO;
				CLANG_ANALYZER_NONNULL = YES;
				CLANG_ANALYZER_NUMBER_OBJECT_CONVERSION = YES_AGGRESSIVE;
				CLANG_CXX_LANGUAGE_STANDARD = "gnu++0x";
				CLANG_CXX_LIBRARY = "libc++";
				CLANG_ENABLE_MODULES = YES;
				CLANG_ENABLE_OBJC_ARC = YES;
				CLANG_WARN_BOOL_CONVERSION = YES;
				CLANG_WARN_CONSTANT_CONVERSION = YES;
				CLANG_WARN_DIRECT_OBJC_ISA_USAGE = YES_ERROR;
				CLANG_WARN_DOCUMENTATION_COMMENTS = YES;
				CLANG_WARN_EMPTY_BODY = YES;
				CLANG_WARN_ENUM_CONVERSION = YES;
				CLANG_WARN_INFINITE_RECURSION = YES;
				CLANG_WARN_INT_CONVERSION = YES;
				CLANG_WARN_OBJC_ROOT_CLASS = YES_ERROR;
				CLANG_WARN_SUSPICIOUS_MOVE = YES;
				CLANG_WARN_UNREACHABLE_CODE = YES;
				CLANG_WARN__DUPLICATE_METHOD_MATCH = YES;
				"CODE_SIGN_IDENTITY[sdk=iphoneos*]" = "iPhone Developer";
				COPY_PHASE_STRIP = NO;
				DEBUG_INFORMATION_FORMAT = "dwarf-with-dsym";
				ENABLE_NS_ASSERTIONS = NO;
				ENABLE_STRICT_OBJC_MSGSEND = YES;
				GCC_C_LANGUAGE_STANDARD = gnu99;
				GCC_NO_COMMON_BLOCKS = YES;
				GCC_WARN_64_TO_32_BIT_CONVERSION = YES;
				GCC_WARN_ABOUT_RETURN_TYPE = YES_ERROR;
				GCC_WARN_UNDECLARED_SELECTOR = YES;
				GCC_WARN_UNINITIALIZED_AUTOS = YES_AGGRESSIVE;
				GCC_WARN_UNUSED_FUNCTION = YES;
				GCC_WARN_UNUSED_VARIABLE = YES;
				IPHONEOS_DEPLOYMENT_TARGET = 10.3;
				MTL_ENABLE_DEBUG_INFO = NO;
				SDKROOT = iphoneos;
				TARGETED_DEVICE_FAMILY = "1,2";
				VALIDATE_PRODUCT = YES;
			};
			name = Release;
		};
		01135E981ED97631008B3C61 /* Debug */ = {
			isa = XCBuildConfiguration;
			baseConfigurationReference = 6A6F14FF046DC7106409733F /* Pods-CaiPiaoNews.debug.xcconfig */;
			buildSettings = {
				ASSETCATALOG_COMPILER_APPICON_NAME = AppIcon;
				ASSETCATALOG_COMPILER_LAUNCHIMAGE_NAME = LaunchImage;
				CODE_SIGN_ENTITLEMENTS = CaiPiaoNews/CaiPiaoNews.entitlements;
				"CODE_SIGN_IDENTITY[sdk=iphoneos*]" = "iPhone Developer";
				DEVELOPMENT_TEAM = ZCFNNXML4G;
				INFOPLIST_FILE = CaiPiaoNews/Info.plist;
				IPHONEOS_DEPLOYMENT_TARGET = 8.0;
				LD_RUNPATH_SEARCH_PATHS = "$(inherited) @executable_path/Frameworks";
				PRODUCT_BUNDLE_IDENTIFIER = com.xiao.caipiao;
				PRODUCT_NAME = "$(TARGET_NAME)";
				PROVISIONING_PROFILE = "";
				PROVISIONING_PROFILE_SPECIFIER = "";
				TARGETED_DEVICE_FAMILY = 1;
			};
			name = Debug;
		};
		01135E991ED97631008B3C61 /* Release */ = {
			isa = XCBuildConfiguration;
			baseConfigurationReference = CA6C0F9B1475F761E23EC62E /* Pods-CaiPiaoNews.release.xcconfig */;
			buildSettings = {
				ASSETCATALOG_COMPILER_APPICON_NAME = AppIcon;
				ASSETCATALOG_COMPILER_LAUNCHIMAGE_NAME = LaunchImage;
				CODE_SIGN_ENTITLEMENTS = CaiPiaoNews/CaiPiaoNews.entitlements;
				"CODE_SIGN_IDENTITY[sdk=iphoneos*]" = "iPhone Developer";
				DEVELOPMENT_TEAM = ZCFNNXML4G;
				INFOPLIST_FILE = CaiPiaoNews/Info.plist;
				IPHONEOS_DEPLOYMENT_TARGET = 8.0;
				LD_RUNPATH_SEARCH_PATHS = "$(inherited) @executable_path/Frameworks";
				PRODUCT_BUNDLE_IDENTIFIER = com.xiao.caipiao;
				PRODUCT_NAME = "$(TARGET_NAME)";
				PROVISIONING_PROFILE = "";
				PROVISIONING_PROFILE_SPECIFIER = "";
				TARGETED_DEVICE_FAMILY = 1;
			};
			name = Release;
		};
		01135E9B1ED97631008B3C61 /* Debug */ = {
			isa = XCBuildConfiguration;
			buildSettings = {
				BUNDLE_LOADER = "$(TEST_HOST)";
				INFOPLIST_FILE = CaiPiaoNewsTests/Info.plist;
				LD_RUNPATH_SEARCH_PATHS = "$(inherited) @executable_path/Frameworks @loader_path/Frameworks";
				PRODUCT_BUNDLE_IDENTIFIER = com.jzd.CaiPiaoNewsTests;
				PRODUCT_NAME = "$(TARGET_NAME)";
				TEST_HOST = "$(BUILT_PRODUCTS_DIR)/CaiPiaoNews.app/CaiPiaoNews";
			};
			name = Debug;
		};
		01135E9C1ED97631008B3C61 /* Release */ = {
			isa = XCBuildConfiguration;
			buildSettings = {
				BUNDLE_LOADER = "$(TEST_HOST)";
				INFOPLIST_FILE = CaiPiaoNewsTests/Info.plist;
				LD_RUNPATH_SEARCH_PATHS = "$(inherited) @executable_path/Frameworks @loader_path/Frameworks";
				PRODUCT_BUNDLE_IDENTIFIER = com.jzd.CaiPiaoNewsTests;
				PRODUCT_NAME = "$(TARGET_NAME)";
				TEST_HOST = "$(BUILT_PRODUCTS_DIR)/CaiPiaoNews.app/CaiPiaoNews";
			};
			name = Release;
		};
		01135E9E1ED97631008B3C61 /* Debug */ = {
			isa = XCBuildConfiguration;
			buildSettings = {
				INFOPLIST_FILE = CaiPiaoNewsUITests/Info.plist;
				LD_RUNPATH_SEARCH_PATHS = "$(inherited) @executable_path/Frameworks @loader_path/Frameworks";
				PRODUCT_BUNDLE_IDENTIFIER = com.jzd.CaiPiaoNewsUITests;
				PRODUCT_NAME = "$(TARGET_NAME)";
				TEST_TARGET_NAME = CaiPiaoNews;
			};
			name = Debug;
		};
		01135E9F1ED97631008B3C61 /* Release */ = {
			isa = XCBuildConfiguration;
			buildSettings = {
				INFOPLIST_FILE = CaiPiaoNewsUITests/Info.plist;
				LD_RUNPATH_SEARCH_PATHS = "$(inherited) @executable_path/Frameworks @loader_path/Frameworks";
				PRODUCT_BUNDLE_IDENTIFIER = com.jzd.CaiPiaoNewsUITests;
				PRODUCT_NAME = "$(TARGET_NAME)";
				TEST_TARGET_NAME = CaiPiaoNews;
			};
			name = Release;
		};
/* End XCBuildConfiguration section */

/* Begin XCConfigurationList section */
		01135E651ED97630008B3C61 /* Build configuration list for PBXProject "CaiPiaoNews" */ = {
			isa = XCConfigurationList;
			buildConfigurations = (
				01135E951ED97631008B3C61 /* Debug */,
				01135E961ED97631008B3C61 /* Release */,
			);
			defaultConfigurationIsVisible = 0;
			defaultConfigurationName = Release;
		};
		01135E971ED97631008B3C61 /* Build configuration list for PBXNativeTarget "CaiPiaoNews" */ = {
			isa = XCConfigurationList;
			buildConfigurations = (
				01135E981ED97631008B3C61 /* Debug */,
				01135E991ED97631008B3C61 /* Release */,
			);
			defaultConfigurationIsVisible = 0;
			defaultConfigurationName = Release;
		};
		01135E9A1ED97631008B3C61 /* Build configuration list for PBXNativeTarget "CaiPiaoNewsTests" */ = {
			isa = XCConfigurationList;
			buildConfigurations = (
				01135E9B1ED97631008B3C61 /* Debug */,
				01135E9C1ED97631008B3C61 /* Release */,
			);
			defaultConfigurationIsVisible = 0;
			defaultConfigurationName = Release;
		};
		01135E9D1ED97631008B3C61 /* Build configuration list for PBXNativeTarget "CaiPiaoNewsUITests" */ = {
			isa = XCConfigurationList;
			buildConfigurations = (
				01135E9E1ED97631008B3C61 /* Debug */,
				01135E9F1ED97631008B3C61 /* Release */,
			);
			defaultConfigurationIsVisible = 0;
			defaultConfigurationName = Release;
		};
/* End XCConfigurationList section */
	};
	rootObject = 01135E621ED97630008B3C61 /* Project object */;
}
